# This file is automatically @generated by Cargo.
# It is not intended for manual editing.
version = 3

[[package]]
name = "anyhow"
version = "1.0.91"
source = "registry+https://github.com/rust-lang/crates.io-index"
checksum = "c042108f3ed77fd83760a5fd79b53be043192bb3b9dba91d8c574c0ada7850c8"

[[package]]
name = "bytes"
version = "1.7.1"
source = "registry+https://github.com/rust-lang/crates.io-index"
checksum = "8318a53db07bb3f8dca91a600466bdb3f2eaadeedfdbcf02e1accbad9271ba50"

[[package]]
name = "codecrafters-interpreter"
version = "0.1.0"
dependencies = [
 "anyhow",
 "bytes",
 "once_cell",
]

[[package]]
name = "once_cell"
version = "1.20.2"
source = "registry+https://github.com/rust-lang/crates.io-index"
checksum = "1261fe7e33c73b354eab43b1273a57c8f967d0391e80353e51f764ac02cf6775"
